
Microsoft Visual Studio Solution File, Format Version 12.00
# Visual Studio Version 16
VisualStudioVersion = 16.0.30907.101
MinimumVisualStudioVersion = 10.0.40219.1
Project("{FAE04EC0-301F-11D3-BF4B-00C04F79EFBC}") = "AnomalyTest", "AnomalyTest.csproj", "{661094E6-A445-4796-8975-9AE8CC81C72A}"
EndProject
Global
	GlobalSection(SolutionConfigurationPlatforms) = preSolution
		Debug|Any CPU = Debug|Any CPU
		Release|Any CPU = Release|Any CPU
	EndGlobalSection
	GlobalSection(ProjectConfigurationPlatforms) = postSolution
		{661094E6-A445-4796-8975-9AE8CC81C72A}.Debug|Any CPU.ActiveCfg = Debug|Any CPU
		{661094E6-A445-4796-8975-9AE8CC81C72A}.Debug|Any CPU.Build.0 = Debug|Any CPU
		{661094E6-A445-4796-8975-9AE8CC81C72A}.Release|Any CPU.ActiveCfg = Release|Any CPU
		{661094E6-A445-4796-8975-9AE8CC81C72A}.Release|Any CPU.Build.0 = Release|Any CPU
	EndGlobalSection
	GlobalSection(SolutionProperties) = preSolution
		HideSolutionNode = FALSE
	EndGlobalSection
	GlobalSection(ExtensibilityGlobals) = postSolution
		SolutionGuid = {9CE122D3-3923-4F5B-9BAE-20936ECDF409}
	EndGlobalSection
EndGlobal
